
Microsoft Visual Studio Solution File, Format Version 12.00
# Visual Studio 14
VisualStudioVersion = 14.0.22823.1
MinimumVisualStudioVersion = 10.0.40219.1
Project("{FAE04EC0-301F-11D3-BF4B-00C04F79EFBC}") = "WebApi", "Source\WebApi\WebApi.csproj", "{1767BE49-DEB7-4B90-89B1-F0E3E4EDD96C}"
EndProject
Project("{2150E333-8FDC-42A3-9474-1A3956D46DE8}") = ".nuget", ".nuget", "{D1B272A7-0CE3-40AD-904B-337C61FAD2E1}"
	ProjectSection(SolutionItems) = preProject
		.nuget\NuGet.Config = .nuget\NuGet.Config
		.nuget\NuGet.exe = .nuget\NuGet.exe
		.nuget\NuGet.targets = .nuget\NuGet.targets
	EndProjectSection
EndProject
Project("{FAE04EC0-301F-11D3-BF4B-00C04F79EFBC}") = "Frontend", "Frontend\Frontend.csproj", "{D5A60456-2A20-4BE9-A1D7-79A4F2C54362}"
EndProject
Global
	GlobalSection(SolutionConfigurationPlatforms) = preSolution
		Debug|Any CPU = Debug|Any CPU
		Release|Any CPU = Release|Any CPU
	EndGlobalSection
	GlobalSection(ProjectConfigurationPlatforms) = postSolution
		{1767BE49-DEB7-4B90-89B1-F0E3E4EDD96C}.Debug|Any CPU.ActiveCfg = Debug|Any CPU
		{1767BE49-DEB7-4B90-89B1-F0E3E4EDD96C}.Debug|Any CPU.Build.0 = Debug|Any CPU
		{1767BE49-DEB7-4B90-89B1-F0E3E4EDD96C}.Release|Any CPU.ActiveCfg = Release|Any CPU
		{1767BE49-DEB7-4B90-89B1-F0E3E4EDD96C}.Release|Any CPU.Build.0 = Release|Any CPU
		{D5A60456-2A20-4BE9-A1D7-79A4F2C54362}.Debug|Any CPU.ActiveCfg = Debug|Any CPU
		{D5A60456-2A20-4BE9-A1D7-79A4F2C54362}.Debug|Any CPU.Build.0 = Debug|Any CPU
		{D5A60456-2A20-4BE9-A1D7-79A4F2C54362}.Release|Any CPU.ActiveCfg = Release|Any CPU
		{D5A60456-2A20-4BE9-A1D7-79A4F2C54362}.Release|Any CPU.Build.0 = Release|Any CPU
	EndGlobalSection
	GlobalSection(SolutionProperties) = preSolution
		HideSolutionNode = FALSE
	EndGlobalSection
EndGlobal
